// !$*UTF8*$!
{
	archiveVersion = 1;
	classes = {
	};
	objectVersion = 51;
	objects = {

/* Begin PBXBuildFile section */
		49A12C3B24A05204003A1723 /* NetworkViewController.swift in Sources */ = {isa = PBXBuildFile; fileRef = 49A12C3A24A05204003A1723 /* NetworkViewController.swift */; };
		49A12C3D24A05377003A1723 /* Service.swift in Sources */ = {isa = PBXBuildFile; fileRef = 49A12C3C24A05377003A1723 /* Service.swift */; };
		49A12C6D24A05F28003A1723 /* Pharmacy.swift in Sources */ = {isa = PBXBuildFile; fileRef = 49A12C6C24A05F28003A1723 /* Pharmacy.swift */; };
		49A12C6F24A05F6B003A1723 /* Stubs.bundle in Resources */ = {isa = PBXBuildFile; fileRef = 49A12C6E24A05F6B003A1723 /* Stubs.bundle */; };
		49FD8E0D249FAF2800A7B874 /* AppDelegate.swift in Sources */ = {isa = PBXBuildFile; fileRef = 49FD8E0C249FAF2800A7B874 /* AppDelegate.swift */; };
		49FD8E0F249FAF2800A7B874 /* SceneDelegate.swift in Sources */ = {isa = PBXBuildFile; fileRef = 49FD8E0E249FAF2800A7B874 /* SceneDelegate.swift */; };
		49FD8E11249FAF2800A7B874 /* TableViewExpandController.swift in Sources */ = {isa = PBXBuildFile; fileRef = 49FD8E10249FAF2800A7B874 /* TableViewExpandController.swift */; };
		49FD8E16249FAF2D00A7B874 /* Assets.xcassets in Resources */ = {isa = PBXBuildFile; fileRef = 49FD8E15249FAF2D00A7B874 /* Assets.xcassets */; };
		49FD8E19249FAF2D00A7B874 /* LaunchScreen.storyboard in Resources */ = {isa = PBXBuildFile; fileRef = 49FD8E17249FAF2D00A7B874 /* LaunchScreen.storyboard */; };
		49FD8E24249FAF2D00A7B874 /* ChefComponentsTests.swift in Sources */ = {isa = PBXBuildFile; fileRef = 49FD8E23249FAF2D00A7B874 /* ChefComponentsTests.swift */; };
		49FD8E2F249FAF2D00A7B874 /* ChefComponentsUITests.swift in Sources */ = {isa = PBXBuildFile; fileRef = 49FD8E2E249FAF2D00A7B874 /* ChefComponentsUITests.swift */; };
		49FD8E3D249FBD9000A7B874 /* CollectionViewController.swift in Sources */ = {isa = PBXBuildFile; fileRef = 49FD8E3C249FBD9000A7B874 /* CollectionViewController.swift */; };
		56DA897E38477E6EE62B4068 /* Pods_ChefComponents.framework in Frameworks */ = {isa = PBXBuildFile; fileRef = 303C1415D3CF0FF0C2ACB794 /* Pods_ChefComponents.framework */; };
		94B793F7D518B60ABD67EFFB /* Pods_ChefComponents_ChefComponentsUITests.framework in Frameworks */ = {isa = PBXBuildFile; fileRef = 8B9757DC2509C19CAD812401 /* Pods_ChefComponents_ChefComponentsUITests.framework */; };
		F25792ABB5F0CF6100CA308E /* Pods_ChefComponentsTests.framework in Frameworks */ = {isa = PBXBuildFile; fileRef = 9AB17C77ECB9B089832285C8 /* Pods_ChefComponentsTests.framework */; };
/* End PBXBuildFile section */

/* Begin PBXContainerItemProxy section */
		49FD8E20249FAF2D00A7B874 /* PBXContainerItemProxy */ = {
			isa = PBXContainerItemProxy;
			containerPortal = 49FD8E01249FAF2800A7B874 /* Project object */;
			proxyType = 1;
			remoteGlobalIDString = 49FD8E08249FAF2800A7B874;
			remoteInfo = ChefComponents;
		};
		49FD8E2B249FAF2D00A7B874 /* PBXContainerItemProxy */ = {
			isa = PBXContainerItemProxy;
			containerPortal = 49FD8E01249FAF2800A7B874 /* Project object */;
			proxyType = 1;
			remoteGlobalIDString = 49FD8E08249FAF2800A7B874;
			remoteInfo = ChefComponents;
		};
/* End PBXContainerItemProxy section */

/* Begin PBXFileReference section */
		05EA2C9E328CA19BA6F3EFB2 /* Pods-ChefComponentsTests.release.xcconfig */ = {isa = PBXFileReference; includeInIndex = 1; lastKnownFileType = text.xcconfig; name = "Pods-ChefComponentsTests.release.xcconfig"; path = "Target Support Files/Pods-ChefComponentsTests/Pods-ChefComponentsTests.release.xcconfig"; sourceTree = "<group>"; };
		1DCF812CCBA317E7B5DF9658 /* Pods-ChefComponents.debug.xcconfig */ = {isa = PBXFileReference; includeInIndex = 1; lastKnownFileType = text.xcconfig; name = "Pods-ChefComponents.debug.xcconfig"; path = "Target Support Files/Pods-ChefComponents/Pods-ChefComponents.debug.xcconfig"; sourceTree = "<group>"; };
		303C1415D3CF0FF0C2ACB794 /* Pods_ChefComponents.framework */ = {isa = PBXFileReference; explicitFileType = wrapper.framework; includeInIndex = 0; path = Pods_ChefComponents.framework; sourceTree = BUILT_PRODUCTS_DIR; };
		3D4831CB73F04FF2863F2E2F /* Pods-ChefComponents.release.xcconfig */ = {isa = PBXFileReference; includeInIndex = 1; lastKnownFileType = text.xcconfig; name = "Pods-ChefComponents.release.xcconfig"; path = "Target Support Files/Pods-ChefComponents/Pods-ChefComponents.release.xcconfig"; sourceTree = "<group>"; };
		49A12C3A24A05204003A1723 /* NetworkViewController.swift */ = {isa = PBXFileReference; lastKnownFileType = sourcecode.swift; path = NetworkViewController.swift; sourceTree = "<group>"; };
		49A12C3C24A05377003A1723 /* Service.swift */ = {isa = PBXFileReference; lastKnownFileType = sourcecode.swift; path = Service.swift; sourceTree = "<group>"; };
		49A12C6C24A05F28003A1723 /* Pharmacy.swift */ = {isa = PBXFileReference; lastKnownFileType = sourcecode.swift; path = Pharmacy.swift; sourceTree = "<group>"; };
		49A12C6E24A05F6B003A1723 /* Stubs.bundle */ = {isa = PBXFileReference; lastKnownFileType = "wrapper.plug-in"; path = Stubs.bundle; sourceTree = "<group>"; };
		49FD8E09249FAF2800A7B874 /* ChefComponents.app */ = {isa = PBXFileReference; explicitFileType = wrapper.application; includeInIndex = 0; path = ChefComponents.app; sourceTree = BUILT_PRODUCTS_DIR; };
		49FD8E0C249FAF2800A7B874 /* AppDelegate.swift */ = {isa = PBXFileReference; lastKnownFileType = sourcecode.swift; path = AppDelegate.swift; sourceTree = "<group>"; };
		49FD8E0E249FAF2800A7B874 /* SceneDelegate.swift */ = {isa = PBXFileReference; lastKnownFileType = sourcecode.swift; path = SceneDelegate.swift; sourceTree = "<group>"; };
		49FD8E10249FAF2800A7B874 /* TableViewExpandController.swift */ = {isa = PBXFileReference; lastKnownFileType = sourcecode.swift; path = TableViewExpandController.swift; sourceTree = "<group>"; };
		49FD8E15249FAF2D00A7B874 /* Assets.xcassets */ = {isa = PBXFileReference; lastKnownFileType = folder.assetcatalog; path = Assets.xcassets; sourceTree = "<group>"; };
		49FD8E18249FAF2D00A7B874 /* Base */ = {isa = PBXFileReference; lastKnownFileType = file.storyboard; name = Base; path = Base.lproj/LaunchScreen.storyboard; sourceTree = "<group>"; };
		49FD8E1A249FAF2D00A7B874 /* Info.plist */ = {isa = PBXFileReference; lastKnownFileType = text.plist.xml; path = Info.plist; sourceTree = "<group>"; };
		49FD8E1F249FAF2D00A7B874 /* ChefComponentsTests.xctest */ = {isa = PBXFileReference; explicitFileType = wrapper.cfbundle; includeInIndex = 0; path = ChefComponentsTests.xctest; sourceTree = BUILT_PRODUCTS_DIR; };
		49FD8E23249FAF2D00A7B874 /* ChefComponentsTests.swift */ = {isa = PBXFileReference; lastKnownFileType = sourcecode.swift; path = ChefComponentsTests.swift; sourceTree = "<group>"; };
		49FD8E25249FAF2D00A7B874 /* Info.plist */ = {isa = PBXFileReference; lastKnownFileType = text.plist.xml; path = Info.plist; sourceTree = "<group>"; };
		49FD8E2A249FAF2D00A7B874 /* ChefComponentsUITests.xctest */ = {isa = PBXFileReference; explicitFileType = wrapper.cfbundle; includeInIndex = 0; path = ChefComponentsUITests.xctest; sourceTree = BUILT_PRODUCTS_DIR; };
		49FD8E2E249FAF2D00A7B874 /* ChefComponentsUITests.swift */ = {isa = PBXFileReference; lastKnownFileType = sourcecode.swift; path = ChefComponentsUITests.swift; sourceTree = "<group>"; };
		49FD8E30249FAF2D00A7B874 /* Info.plist */ = {isa = PBXFileReference; lastKnownFileType = text.plist.xml; path = Info.plist; sourceTree = "<group>"; };
		49FD8E3C249FBD9000A7B874 /* CollectionViewController.swift */ = {isa = PBXFileReference; lastKnownFileType = sourcecode.swift; path = CollectionViewController.swift; sourceTree = "<group>"; };
		61E1D2DF518F5023D54618C3 /* Pods-ChefComponents-ChefComponentsUITests.release.xcconfig */ = {isa = PBXFileReference; includeInIndex = 1; lastKnownFileType = text.xcconfig; name = "Pods-ChefComponents-ChefComponentsUITests.release.xcconfig"; path = "Target Support Files/Pods-ChefComponents-ChefComponentsUITests/Pods-ChefComponents-ChefComponentsUITests.release.xcconfig"; sourceTree = "<group>"; };
		6D0115C59D832FDB0805E6F8 /* Pods-ChefComponentsTests.debug.xcconfig */ = {isa = PBXFileReference; includeInIndex = 1; lastKnownFileType = text.xcconfig; name = "Pods-ChefComponentsTests.debug.xcconfig"; path = "Target Support Files/Pods-ChefComponentsTests/Pods-ChefComponentsTests.debug.xcconfig"; sourceTree = "<group>"; };
		8B9757DC2509C19CAD812401 /* Pods_ChefComponents_ChefComponentsUITests.framework */ = {isa = PBXFileReference; explicitFileType = wrapper.framework; includeInIndex = 0; path = Pods_ChefComponents_ChefComponentsUITests.framework; sourceTree = BUILT_PRODUCTS_DIR; };
		9AB17C77ECB9B089832285C8 /* Pods_ChefComponentsTests.framework */ = {isa = PBXFileReference; explicitFileType = wrapper.framework; includeInIndex = 0; path = Pods_ChefComponentsTests.framework; sourceTree = BUILT_PRODUCTS_DIR; };
		B6BEFC7E02F18718DE64E393 /* Pods-ChefComponents-ChefComponentsUITests.debug.xcconfig */ = {isa = PBXFileReference; includeInIndex = 1; lastKnownFileType = text.xcconfig; name = "Pods-ChefComponents-ChefComponentsUITests.debug.xcconfig"; path = "Target Support Files/Pods-ChefComponents-ChefComponentsUITests/Pods-ChefComponents-ChefComponentsUITests.debug.xcconfig"; sourceTree = "<group>"; };
/* End PBXFileReference section */

/* Begin PBXFrameworksBuildPhase section */
		49FD8E06249FAF2800A7B874 /* Frameworks */ = {
			isa = PBXFrameworksBuildPhase;
			buildActionMask = 2147483647;
			files = (
				56DA897E38477E6EE62B4068 /* Pods_ChefComponents.framework in Frameworks */,
			);
			runOnlyForDeploymentPostprocessing = 0;
		};
		49FD8E1C249FAF2D00A7B874 /* Frameworks */ = {
			isa = PBXFrameworksBuildPhase;
			buildActionMask = 2147483647;
			files = (
				F25792ABB5F0CF6100CA308E /* Pods_ChefComponentsTests.framework in Frameworks */,
			);
			runOnlyForDeploymentPostprocessing = 0;
		};
		49FD8E27249FAF2D00A7B874 /* Frameworks */ = {
			isa = PBXFrameworksBuildPhase;
			buildActionMask = 2147483647;
			files = (
				94B793F7D518B60ABD67EFFB /* Pods_ChefComponents_ChefComponentsUITests.framework in Frameworks */,
			);
			runOnlyForDeploymentPostprocessing = 0;
		};
/* End PBXFrameworksBuildPhase section */

/* Begin PBXGroup section */
		492375C624A0446E00836856 /* TableViewExpand */ = {
			isa = PBXGroup;
			children = (
				49FD8E10249FAF2800A7B874 /* TableViewExpandController.swift */,
			);
			path = TableViewExpand;
			sourceTree = "<group>";
		};
		492375C724A0448700836856 /* Shadow */ = {
			isa = PBXGroup;
			children = (
				49FD8E3C249FBD9000A7B874 /* CollectionViewController.swift */,
			);
			path = Shadow;
			sourceTree = "<group>";
		};
		49A12C3924A051E3003A1723 /* Networking */ = {
			isa = PBXGroup;
			children = (
				49A12C3A24A05204003A1723 /* NetworkViewController.swift */,
				49A12C3C24A05377003A1723 /* Service.swift */,
				49A12C6C24A05F28003A1723 /* Pharmacy.swift */,
				49A12C6E24A05F6B003A1723 /* Stubs.bundle */,
			);
			path = Networking;
			sourceTree = "<group>";
		};
		49FD8E00249FAF2800A7B874 = {
			isa = PBXGroup;
			children = (
				49FD8E0B249FAF2800A7B874 /* ChefComponents */,
				49FD8E22249FAF2D00A7B874 /* ChefComponentsTests */,
				49FD8E2D249FAF2D00A7B874 /* ChefComponentsUITests */,
				49FD8E0A249FAF2800A7B874 /* Products */,
				8DD0D6D6E79431EBAC0E7712 /* Pods */,
				6FFF02396ED122306005520E /* Frameworks */,
			);
			sourceTree = "<group>";
		};
		49FD8E0A249FAF2800A7B874 /* Products */ = {
			isa = PBXGroup;
			children = (
				49FD8E09249FAF2800A7B874 /* ChefComponents.app */,
				49FD8E1F249FAF2D00A7B874 /* ChefComponentsTests.xctest */,
				49FD8E2A249FAF2D00A7B874 /* ChefComponentsUITests.xctest */,
			);
			name = Products;
			sourceTree = "<group>";
		};
		49FD8E0B249FAF2800A7B874 /* ChefComponents */ = {
			isa = PBXGroup;
			children = (
				49A12C3924A051E3003A1723 /* Networking */,
				492375C724A0448700836856 /* Shadow */,
				492375C624A0446E00836856 /* TableViewExpand */,
				49FD8E0C249FAF2800A7B874 /* AppDelegate.swift */,
				49FD8E0E249FAF2800A7B874 /* SceneDelegate.swift */,
				49FD8E15249FAF2D00A7B874 /* Assets.xcassets */,
				49FD8E17249FAF2D00A7B874 /* LaunchScreen.storyboard */,
				49FD8E1A249FAF2D00A7B874 /* Info.plist */,
			);
			path = ChefComponents;
			sourceTree = "<group>";
		};
		49FD8E22249FAF2D00A7B874 /* ChefComponentsTests */ = {
			isa = PBXGroup;
			children = (
				49FD8E23249FAF2D00A7B874 /* ChefComponentsTests.swift */,
				49FD8E25249FAF2D00A7B874 /* Info.plist */,
			);
			path = ChefComponentsTests;
			sourceTree = "<group>";
		};
		49FD8E2D249FAF2D00A7B874 /* ChefComponentsUITests */ = {
			isa = PBXGroup;
			children = (
				49FD8E2E249FAF2D00A7B874 /* ChefComponentsUITests.swift */,
				49FD8E30249FAF2D00A7B874 /* Info.plist */,
			);
			path = ChefComponentsUITests;
			sourceTree = "<group>";
		};
		6FFF02396ED122306005520E /* Frameworks */ = {
			isa = PBXGroup;
			children = (
				303C1415D3CF0FF0C2ACB794 /* Pods_ChefComponents.framework */,
				8B9757DC2509C19CAD812401 /* Pods_ChefComponents_ChefComponentsUITests.framework */,
				9AB17C77ECB9B089832285C8 /* Pods_ChefComponentsTests.framework */,
			);
			name = Frameworks;
			sourceTree = "<group>";
		};
		8DD0D6D6E79431EBAC0E7712 /* Pods */ = {
			isa = PBXGroup;
			children = (
				1DCF812CCBA317E7B5DF9658 /* Pods-ChefComponents.debug.xcconfig */,
				3D4831CB73F04FF2863F2E2F /* Pods-ChefComponents.release.xcconfig */,
				B6BEFC7E02F18718DE64E393 /* Pods-ChefComponents-ChefComponentsUITests.debug.xcconfig */,
				61E1D2DF518F5023D54618C3 /* Pods-ChefComponents-ChefComponentsUITests.release.xcconfig */,
				6D0115C59D832FDB0805E6F8 /* Pods-ChefComponentsTests.debug.xcconfig */,
				05EA2C9E328CA19BA6F3EFB2 /* Pods-ChefComponentsTests.release.xcconfig */,
			);
			path = Pods;
			sourceTree = "<group>";
		};
/* End PBXGroup section */

/* Begin PBXNativeTarget section */
		49FD8E08249FAF2800A7B874 /* ChefComponents */ = {
			isa = PBXNativeTarget;
			buildConfigurationList = 49FD8E33249FAF2D00A7B874 /* Build configuration list for PBXNativeTarget "ChefComponents" */;
			buildPhases = (
				C1E5F5359F791A9D34484AAC /* [CP] Check Pods Manifest.lock */,
				49FD8E05249FAF2800A7B874 /* Sources */,
				49FD8E06249FAF2800A7B874 /* Frameworks */,
				49FD8E07249FAF2800A7B874 /* Resources */,
				89D41CC0ECD562D36C8B5E52 /* [CP] Embed Pods Frameworks */,
			);
			buildRules = (
			);
			dependencies = (
			);
			name = ChefComponents;
			productName = ChefComponents;
			productReference = 49FD8E09249FAF2800A7B874 /* ChefComponents.app */;
			productType = "com.apple.product-type.application";
		};
		49FD8E1E249FAF2D00A7B874 /* ChefComponentsTests */ = {
			isa = PBXNativeTarget;
			buildConfigurationList = 49FD8E36249FAF2D00A7B874 /* Build configuration list for PBXNativeTarget "ChefComponentsTests" */;
			buildPhases = (
				2B9D8738320C84A94D625949 /* [CP] Check Pods Manifest.lock */,
				49FD8E1B249FAF2D00A7B874 /* Sources */,
				49FD8E1C249FAF2D00A7B874 /* Frameworks */,
				49FD8E1D249FAF2D00A7B874 /* Resources */,
			);
			buildRules = (
			);
			dependencies = (
				49FD8E21249FAF2D00A7B874 /* PBXTargetDependency */,
			);
			name = ChefComponentsTests;
			productName = ChefComponentsTests;
			productReference = 49FD8E1F249FAF2D00A7B874 /* ChefComponentsTests.xctest */;
			productType = "com.apple.product-type.bundle.unit-test";
		};
		49FD8E29249FAF2D00A7B874 /* ChefComponentsUITests */ = {
			isa = PBXNativeTarget;
			buildConfigurationList = 49FD8E39249FAF2D00A7B874 /* Build configuration list for PBXNativeTarget "ChefComponentsUITests" */;
			buildPhases = (
				A6DAA430C58AE69B55AD2726 /* [CP] Check Pods Manifest.lock */,
				49FD8E26249FAF2D00A7B874 /* Sources */,
				49FD8E27249FAF2D00A7B874 /* Frameworks */,
				49FD8E28249FAF2D00A7B874 /* Resources */,
				39053FC8E337CC17C6FF2A24 /* [CP] Embed Pods Frameworks */,
			);
			buildRules = (
			);
			dependencies = (
				49FD8E2C249FAF2D00A7B874 /* PBXTargetDependency */,
			);
			name = ChefComponentsUITests;
			productName = ChefComponentsUITests;
			productReference = 49FD8E2A249FAF2D00A7B874 /* ChefComponentsUITests.xctest */;
			productType = "com.apple.product-type.bundle.ui-testing";
		};
/* End PBXNativeTarget section */

/* Begin PBXProject section */
		49FD8E01249FAF2800A7B874 /* Project object */ = {
			isa = PBXProject;
			attributes = {
				LastSwiftUpdateCheck = 1150;
				LastUpgradeCheck = 1150;
				ORGANIZATIONNAME = "SUNG HAO LIN";
				TargetAttributes = {
					49FD8E08249FAF2800A7B874 = {
						CreatedOnToolsVersion = 11.5;
					};
					49FD8E1E249FAF2D00A7B874 = {
						CreatedOnToolsVersion = 11.5;
						TestTargetID = 49FD8E08249FAF2800A7B874;
					};
					49FD8E29249FAF2D00A7B874 = {
						CreatedOnToolsVersion = 11.5;
						TestTargetID = 49FD8E08249FAF2800A7B874;
					};
				};
			};
			buildConfigurationList = 49FD8E04249FAF2800A7B874 /* Build configuration list for PBXProject "ChefComponents" */;
			compatibilityVersion = "Xcode 9.3";
			developmentRegion = en;
			hasScannedForEncodings = 0;
			knownRegions = (
				en,
				Base,
			);
			mainGroup = 49FD8E00249FAF2800A7B874;
			productRefGroup = 49FD8E0A249FAF2800A7B874 /* Products */;
			projectDirPath = "";
			projectRoot = "";
			targets = (
				49FD8E08249FAF2800A7B874 /* ChefComponents */,
				49FD8E1E249FAF2D00A7B874 /* ChefComponentsTests */,
				49FD8E29249FAF2D00A7B874 /* ChefComponentsUITests */,
			);
		};
/* End PBXProject section */

/* Begin PBXResourcesBuildPhase section */
		49FD8E07249FAF2800A7B874 /* Resources */ = {
			isa = PBXResourcesBuildPhase;
			buildActionMask = 2147483647;
			files = (
				49FD8E19249FAF2D00A7B874 /* LaunchScreen.storyboard in Resources */,
				49A12C6F24A05F6B003A1723 /* Stubs.bundle in Resources */,
				49FD8E16249FAF2D00A7B874 /* Assets.xcassets in Resources */,
			);
			runOnlyForDeploymentPostprocessing = 0;
		};
		49FD8E1D249FAF2D00A7B874 /* Resources */ = {
			isa = PBXResourcesBuildPhase;
			buildActionMask = 2147483647;
			files = (
			);
			runOnlyForDeploymentPostprocessing = 0;
		};
		49FD8E28249FAF2D00A7B874 /* Resources */ = {
			isa = PBXResourcesBuildPhase;
			buildActionMask = 2147483647;
			files = (
			);
			runOnlyForDeploymentPostprocessing = 0;
		};
/* End PBXResourcesBuildPhase section */

/* Begin PBXShellScriptBuildPhase section */
		2B9D8738320C84A94D625949 /* [CP] Check Pods Manifest.lock */ = {
			isa = PBXShellScriptBuildPhase;
			buildActionMask = 2147483647;
			files = (
			);
			inputFileListPaths = (
			);
			inputPaths = (
				"${PODS_PODFILE_DIR_PATH}/Podfile.lock",
				"${PODS_ROOT}/Manifest.lock",
			);
			name = "[CP] Check Pods Manifest.lock";
			outputFileListPaths = (
			);
			outputPaths = (
				"$(DERIVED_FILE_DIR)/Pods-ChefComponentsTests-checkManifestLockResult.txt",
			);
			runOnlyForDeploymentPostprocessing = 0;
			shellPath = /bin/sh;
			shellScript = "diff \"${PODS_PODFILE_DIR_PATH}/Podfile.lock\" \"${PODS_ROOT}/Manifest.lock\" > /dev/null\nif [ $? != 0 ] ; then\n    # print error to STDERR\n    echo \"error: The sandbox is not in sync with the Podfile.lock. Run 'pod install' or update your CocoaPods installation.\" >&2\n    exit 1\nfi\n# This output is used by Xcode 'outputs' to avoid re-running this script phase.\necho \"SUCCESS\" > \"${SCRIPT_OUTPUT_FILE_0}\"\n";
			showEnvVarsInLog = 0;
		};
		39053FC8E337CC17C6FF2A24 /* [CP] Embed Pods Frameworks */ = {
			isa = PBXShellScriptBuildPhase;
			buildActionMask = 2147483647;
			files = (
			);
			inputFileListPaths = (
				"${PODS_ROOT}/Target Support Files/Pods-ChefComponents-ChefComponentsUITests/Pods-ChefComponents-ChefComponentsUITests-frameworks-${CONFIGURATION}-input-files.xcfilelist",
			);
			name = "[CP] Embed Pods Frameworks";
			outputFileListPaths = (
				"${PODS_ROOT}/Target Support Files/Pods-ChefComponents-ChefComponentsUITests/Pods-ChefComponents-ChefComponentsUITests-frameworks-${CONFIGURATION}-output-files.xcfilelist",
			);
			runOnlyForDeploymentPostprocessing = 0;
			shellPath = /bin/sh;
			shellScript = "\"${PODS_ROOT}/Target Support Files/Pods-ChefComponents-ChefComponentsUITests/Pods-ChefComponents-ChefComponentsUITests-frameworks.sh\"\n";
			showEnvVarsInLog = 0;
		};
		89D41CC0ECD562D36C8B5E52 /* [CP] Embed Pods Frameworks */ = {
			isa = PBXShellScriptBuildPhase;
			buildActionMask = 2147483647;
			files = (
			);
			inputFileListPaths = (
				"${PODS_ROOT}/Target Support Files/Pods-ChefComponents/Pods-ChefComponents-frameworks-${CONFIGURATION}-input-files.xcfilelist",
			);
			name = "[CP] Embed Pods Frameworks";
			outputFileListPaths = (
				"${PODS_ROOT}/Target Support Files/Pods-ChefComponents/Pods-ChefComponents-frameworks-${CONFIGURATION}-output-files.xcfilelist",
			);
			runOnlyForDeploymentPostprocessing = 0;
			shellPath = /bin/sh;
			shellScript = "\"${PODS_ROOT}/Target Support Files/Pods-ChefComponents/Pods-ChefComponents-frameworks.sh\"\n";
			showEnvVarsInLog = 0;
		};
		A6DAA430C58AE69B55AD2726 /* [CP] Check Pods Manifest.lock */ = {
			isa = PBXShellScriptBuildPhase;
			buildActionMask = 2147483647;
			files = (
			);
			inputFileListPaths = (
			);
			inputPaths = (
				"${PODS_PODFILE_DIR_PATH}/Podfile.lock",
				"${PODS_ROOT}/Manifest.lock",
			);
			name = "[CP] Check Pods Manifest.lock";
			outputFileListPaths = (
			);
			outputPaths = (
				"$(DERIVED_FILE_DIR)/Pods-ChefComponents-ChefComponentsUITests-checkManifestLockResult.txt",
			);
			runOnlyForDeploymentPostprocessing = 0;
			shellPath = /bin/sh;
			shellScript = "diff \"${PODS_PODFILE_DIR_PATH}/Podfile.lock\" \"${PODS_ROOT}/Manifest.lock\" > /dev/null\nif [ $? != 0 ] ; then\n    # print error to STDERR\n    echo \"error: The sandbox is not in sync with the Podfile.lock. Run 'pod install' or update your CocoaPods installation.\" >&2\n    exit 1\nfi\n# This output is used by Xcode 'outputs' to avoid re-running this script phase.\necho \"SUCCESS\" > \"${SCRIPT_OUTPUT_FILE_0}\"\n";
			showEnvVarsInLog = 0;
		};
		C1E5F5359F791A9D34484AAC /* [CP] Check Pods Manifest.lock */ = {
			isa = PBXShellScriptBuildPhase;
			buildActionMask = 2147483647;
			files = (
			);
			inputFileListPaths = (
			);
			inputPaths = (
				"${PODS_PODFILE_DIR_PATH}/Podfile.lock",
				"${PODS_ROOT}/Manifest.lock",
			);
			name = "[CP] Check Pods Manifest.lock";
			outputFileListPaths = (
			);
			outputPaths = (
				"$(DERIVED_FILE_DIR)/Pods-ChefComponents-checkManifestLockResult.txt",
			);
			runOnlyForDeploymentPostprocessing = 0;
			shellPath = /bin/sh;
			shellScript = "diff \"${PODS_PODFILE_DIR_PATH}/Podfile.lock\" \"${PODS_ROOT}/Manifest.lock\" > /dev/null\nif [ $? != 0 ] ; then\n    # print error to STDERR\n    echo \"error: The sandbox is not in sync with the Podfile.lock. Run 'pod install' or update your CocoaPods installation.\" >&2\n    exit 1\nfi\n# This output is used by Xcode 'outputs' to avoid re-running this script phase.\necho \"SUCCESS\" > \"${SCRIPT_OUTPUT_FILE_0}\"\n";
			showEnvVarsInLog = 0;
		};
/* End PBXShellScriptBuildPhase section */

/* Begin PBXSourcesBuildPhase section */
		49FD8E05249FAF2800A7B874 /* Sources */ = {
			isa = PBXSourcesBuildPhase;
			buildActionMask = 2147483647;
			files = (
				49FD8E11249FAF2800A7B874 /* TableViewExpandController.swift in Sources */,
				49A12C6D24A05F28003A1723 /* Pharmacy.swift in Sources */,
				49FD8E0D249FAF2800A7B874 /* AppDelegate.swift in Sources */,
				49FD8E3D249FBD9000A7B874 /* CollectionViewController.swift in Sources */,
				49A12C3B24A05204003A1723 /* NetworkViewController.swift in Sources */,
				49FD8E0F249FAF2800A7B874 /* SceneDelegate.swift in Sources */,
				49A12C3D24A05377003A1723 /* Service.swift in Sources */,
			);
			runOnlyForDeploymentPostprocessing = 0;
		};
		49FD8E1B249FAF2D00A7B874 /* Sources */ = {
			isa = PBXSourcesBuildPhase;
			buildActionMask = 2147483647;
			files = (
				49FD8E24249FAF2D00A7B874 /* ChefComponentsTests.swift in Sources */,
			);
			runOnlyForDeploymentPostprocessing = 0;
		};
		49FD8E26249FAF2D00A7B874 /* Sources */ = {
			isa = PBXSourcesBuildPhase;
			buildActionMask = 2147483647;
			files = (
				49FD8E2F249FAF2D00A7B874 /* ChefComponentsUITests.swift in Sources */,
			);
			runOnlyForDeploymentPostprocessing = 0;
		};
/* End PBXSourcesBuildPhase section */

/* Begin PBXTargetDependency section */
		49FD8E21249FAF2D00A7B874 /* PBXTargetDependency */ = {
			isa = PBXTargetDependency;
			target = 49FD8E08249FAF2800A7B874 /* ChefComponents */;
			targetProxy = 49FD8E20249FAF2D00A7B874 /* PBXContainerItemProxy */;
		};
		49FD8E2C249FAF2D00A7B874 /* PBXTargetDependency */ = {
			isa = PBXTargetDependency;
			target = 49FD8E08249FAF2800A7B874 /* ChefComponents */;
			targetProxy = 49FD8E2B249FAF2D00A7B874 /* PBXContainerItemProxy */;
		};
/* End PBXTargetDependency section */

/* Begin PBXVariantGroup section */
		49FD8E17249FAF2D00A7B874 /* LaunchScreen.storyboard */ = {
			isa = PBXVariantGroup;
			children = (
				49FD8E18249FAF2D00A7B874 /* Base */,
			);
			name = LaunchScreen.storyboard;
			sourceTree = "<group>";
		};
/* End PBXVariantGroup section */

/* Begin XCBuildConfiguration section */
		49FD8E31249FAF2D00A7B874 /* Debug */ = {
			isa = XCBuildConfiguration;
			buildSettings = {
				ALWAYS_SEARCH_USER_PATHS = NO;
				CLANG_ANALYZER_NONNULL = YES;
				CLANG_ANALYZER_NUMBER_OBJECT_CONVERSION = YES_AGGRESSIVE;
				CLANG_CXX_LANGUAGE_STANDARD = "gnu++14";
				CLANG_CXX_LIBRARY = "libc++";
				CLANG_ENABLE_MODULES = YES;
				CLANG_ENABLE_OBJC_ARC = YES;
				CLANG_ENABLE_OBJC_WEAK = YES;
				CLANG_WARN_BLOCK_CAPTURE_AUTORELEASING = YES;
				CLANG_WARN_BOOL_CONVERSION = YES;
				CLANG_WARN_COMMA = YES;
				CLANG_WARN_CONSTANT_CONVERSION = YES;
				CLANG_WARN_DEPRECATED_OBJC_IMPLEMENTATIONS = YES;
				CLANG_WARN_DIRECT_OBJC_ISA_USAGE = YES_ERROR;
				CLANG_WARN_DOCUMENTATION_COMMENTS = YES;
				CLANG_WARN_EMPTY_BODY = YES;
				CLANG_WARN_ENUM_CONVERSION = YES;
				CLANG_WARN_INFINITE_RECURSION = YES;
				CLANG_WARN_INT_CONVERSION = YES;
				CLANG_WARN_NON_LITERAL_NULL_CONVERSION = YES;
				CLANG_WARN_OBJC_IMPLICIT_RETAIN_SELF = YES;
				CLANG_WARN_OBJC_LITERAL_CONVERSION = YES;
				CLANG_WARN_OBJC_ROOT_CLASS = YES_ERROR;
				CLANG_WARN_RANGE_LOOP_ANALYSIS = YES;
				CLANG_WARN_STRICT_PROTOTYPES = YES;
				CLANG_WARN_SUSPICIOUS_MOVE = YES;
				CLANG_WARN_UNGUARDED_AVAILABILITY = YES_AGGRESSIVE;
				CLANG_WARN_UNREACHABLE_CODE = YES;
				CLANG_WARN__DUPLICATE_METHOD_MATCH = YES;
				COPY_PHASE_STRIP = NO;
				DEBUG_INFORMATION_FORMAT = dwarf;
				ENABLE_STRICT_OBJC_MSGSEND = YES;
				ENABLE_TESTABILITY = YES;
				GCC_C_LANGUAGE_STANDARD = gnu11;
				GCC_DYNAMIC_NO_PIC = NO;
				GCC_NO_COMMON_BLOCKS = YES;
				GCC_OPTIMIZATION_LEVEL = 0;
				GCC_PREPROCESSOR_DEFINITIONS = (
					"DEBUG=1",
					"$(inherited)",
				);
				GCC_WARN_64_TO_32_BIT_CONVERSION = YES;
				GCC_WARN_ABOUT_RETURN_TYPE = YES_ERROR;
				GCC_WARN_UNDECLARED_SELECTOR = YES;
				GCC_WARN_UNINITIALIZED_AUTOS = YES_AGGRESSIVE;
				GCC_WARN_UNUSED_FUNCTION = YES;
				GCC_WARN_UNUSED_VARIABLE = YES;
				IPHONEOS_DEPLOYMENT_TARGET = 13.5;
				MTL_ENABLE_DEBUG_INFO = INCLUDE_SOURCE;
				MTL_FAST_MATH = YES;
				ONLY_ACTIVE_ARCH = YES;
				SDKROOT = iphoneos;
				SWIFT_ACTIVE_COMPILATION_CONDITIONS = DEBUG;
				SWIFT_OPTIMIZATION_LEVEL = "-Onone";
			};
			name = Debug;
		};
		49FD8E32249FAF2D00A7B874 /* Release */ = {
			isa = XCBuildConfiguration;
			buildSettings = {
				ALWAYS_SEARCH_USER_PATHS = NO;
				CLANG_ANALYZER_NONNULL = YES;
				CLANG_ANALYZER_NUMBER_OBJECT_CONVERSION = YES_AGGRESSIVE;
				CLANG_CXX_LANGUAGE_STANDARD = "gnu++14";
				CLANG_CXX_LIBRARY = "libc++";
				CLANG_ENABLE_MODULES = YES;
				CLANG_ENABLE_OBJC_ARC = YES;
				CLANG_ENABLE_OBJC_WEAK = YES;
				CLANG_WARN_BLOCK_CAPTURE_AUTORELEASING = YES;
				CLANG_WARN_BOOL_CONVERSION = YES;
				CLANG_WARN_COMMA = YES;
				CLANG_WARN_CONSTANT_CONVERSION = YES;
				CLANG_WARN_DEPRECATED_OBJC_IMPLEMENTATIONS = YES;
				CLANG_WARN_DIRECT_OBJC_ISA_USAGE = YES_ERROR;
				CLANG_WARN_DOCUMENTATION_COMMENTS = YES;
				CLANG_WARN_EMPTY_BODY = YES;
				CLANG_WARN_ENUM_CONVERSION = YES;
				CLANG_WARN_INFINITE_RECURSION = YES;
				CLANG_WARN_INT_CONVERSION = YES;
				CLANG_WARN_NON_LITERAL_NULL_CONVERSION = YES;
				CLANG_WARN_OBJC_IMPLICIT_RETAIN_SELF = YES;
				CLANG_WARN_OBJC_LITERAL_CONVERSION = YES;
				CLANG_WARN_OBJC_ROOT_CLASS = YES_ERROR;
				CLANG_WARN_RANGE_LOOP_ANALYSIS = YES;
				CLANG_WARN_STRICT_PROTOTYPES = YES;
				CLANG_WARN_SUSPICIOUS_MOVE = YES;
				CLANG_WARN_UNGUARDED_AVAILABILITY = YES_AGGRESSIVE;
				CLANG_WARN_UNREACHABLE_CODE = YES;
				CLANG_WARN__DUPLICATE_METHOD_MATCH = YES;
				COPY_PHASE_STRIP = NO;
				DEBUG_INFORMATION_FORMAT = "dwarf-with-dsym";
				ENABLE_NS_ASSERTIONS = NO;
				ENABLE_STRICT_OBJC_MSGSEND = YES;
				GCC_C_LANGUAGE_STANDARD = gnu11;
				GCC_NO_COMMON_BLOCKS = YES;
				GCC_WARN_64_TO_32_BIT_CONVERSION = YES;
				GCC_WARN_ABOUT_RETURN_TYPE = YES_ERROR;
				GCC_WARN_UNDECLARED_SELECTOR = YES;
				GCC_WARN_UNINITIALIZED_AUTOS = YES_AGGRESSIVE;
				GCC_WARN_UNUSED_FUNCTION = YES;
				GCC_WARN_UNUSED_VARIABLE = YES;
				IPHONEOS_DEPLOYMENT_TARGET = 13.5;
				MTL_ENABLE_DEBUG_INFO = NO;
				MTL_FAST_MATH = YES;
				SDKROOT = iphoneos;
				SWIFT_COMPILATION_MODE = wholemodule;
				SWIFT_OPTIMIZATION_LEVEL = "-O";
				VALIDATE_PRODUCT = YES;
			};
			name = Release;
		};
		49FD8E34249FAF2D00A7B874 /* Debug */ = {
			isa = XCBuildConfiguration;
			baseConfigurationReference = 1DCF812CCBA317E7B5DF9658 /* Pods-ChefComponents.debug.xcconfig */;
			buildSettings = {
				ASSETCATALOG_COMPILER_APPICON_NAME = AppIcon;
				CODE_SIGN_STYLE = Automatic;
				DEVELOPMENT_TEAM = 2W4XUH8LUQ;
				INFOPLIST_FILE = ChefComponents/Info.plist;
				LD_RUNPATH_SEARCH_PATHS = (
					"$(inherited)",
					"@executable_path/Frameworks",
				);
				PRODUCT_BUNDLE_IDENTIFIER = com.gannasong.ChefComponents;
				PRODUCT_NAME = "$(TARGET_NAME)";
				SWIFT_VERSION = 5.0;
				TARGETED_DEVICE_FAMILY = "1,2";
			};
			name = Debug;
		};
		49FD8E35249FAF2D00A7B874 /* Release */ = {
			isa = XCBuildConfiguration;
			baseConfigurationReference = 3D4831CB73F04FF2863F2E2F /* Pods-ChefComponents.release.xcconfig */;
			buildSettings = {
				ASSETCATALOG_COMPILER_APPICON_NAME = AppIcon;
				CODE_SIGN_STYLE = Automatic;
				DEVELOPMENT_TEAM = 2W4XUH8LUQ;
				INFOPLIST_FILE = ChefComponents/Info.plist;
				LD_RUNPATH_SEARCH_PATHS = (
					"$(inherited)",
					"@executable_path/Frameworks",
				);
				PRODUCT_BUNDLE_IDENTIFIER = com.gannasong.ChefComponents;
				PRODUCT_NAME = "$(TARGET_NAME)";
				SWIFT_VERSION = 5.0;
				TARGETED_DEVICE_FAMILY = "1,2";
			};
			name = Release;
		};
		49FD8E37249FAF2D00A7B874 /* Debug */ = {
			isa = XCBuildConfiguration;
			baseConfigurationReference = 6D0115C59D832FDB0805E6F8 /* Pods-ChefComponentsTests.debug.xcconfig */;
			buildSettings = {
				ALWAYS_EMBED_SWIFT_STANDARD_LIBRARIES = YES;
				BUNDLE_LOADER = "$(TEST_HOST)";
				CODE_SIGN_STYLE = Automatic;
				DEVELOPMENT_TEAM = 2W4XUH8LUQ;
				INFOPLIST_FILE = ChefComponentsTests/Info.plist;
				IPHONEOS_DEPLOYMENT_TARGET = 13.5;
				LD_RUNPATH_SEARCH_PATHS = (
					"$(inherited)",
					"@executable_path/Frameworks",
					"@loader_path/Frameworks",
				);
				PRODUCT_BUNDLE_IDENTIFIER = com.gannasong.ChefComponentsTests;
				PRODUCT_NAME = "$(TARGET_NAME)";
				SWIFT_VERSION = 5.0;
				TARGETED_DEVICE_FAMILY = "1,2";
				TEST_HOST = "$(BUILT_PRODUCTS_DIR)/ChefComponents.app/ChefComponents";
			};
			name = Debug;
		};
		49FD8E38249FAF2D00A7B874 /* Release */ = {
			isa = XCBuildConfiguration;
			baseConfigurationReference = 05EA2C9E328CA19BA6F3EFB2 /* Pods-ChefComponentsTests.release.xcconfig */;
			buildSettings = {
				ALWAYS_EMBED_SWIFT_STANDARD_LIBRARIES = YES;
				BUNDLE_LOADER = "$(TEST_HOST)";
				CODE_SIGN_STYLE = Automatic;
				DEVELOPMENT_TEAM = 2W4XUH8LUQ;
				INFOPLIST_FILE = ChefComponentsTests/Info.plist;
				IPHONEOS_DEPLOYMENT_TARGET = 13.5;
				LD_RUNPATH_SEARCH_PATHS = (
					"$(inherited)",
					"@executable_path/Frameworks",
					"@loader_path/Frameworks",
				);
				PRODUCT_BUNDLE_IDENTIFIER = com.gannasong.ChefComponentsTests;
				PRODUCT_NAME = "$(TARGET_NAME)";
				SWIFT_VERSION = 5.0;
				TARGETED_DEVICE_FAMILY = "1,2";
				TEST_HOST = "$(BUILT_PRODUCTS_DIR)/ChefComponents.app/ChefComponents";
			};
			name = Release;
		};
		49FD8E3A249FAF2D00A7B874 /* Debug */ = {
			isa = XCBuildConfiguration;
			baseConfigurationReference = B6BEFC7E02F18718DE64E393 /* Pods-ChefComponents-ChefComponentsUITests.debug.xcconfig */;
			buildSettings = {
				ALWAYS_EMBED_SWIFT_STANDARD_LIBRARIES = YES;
				CODE_SIGN_STYLE = Automatic;
				DEVELOPMENT_TEAM = 2W4XUH8LUQ;
				INFOPLIST_FILE = ChefComponentsUITests/Info.plist;
				LD_RUNPATH_SEARCH_PATHS = (
					"$(inherited)",
					"@executable_path/Frameworks",
					"@loader_path/Frameworks",
				);
				PRODUCT_BUNDLE_IDENTIFIER = com.gannasong.ChefComponentsUITests;
				PRODUCT_NAME = "$(TARGET_NAME)";
				SWIFT_VERSION = 5.0;
				TARGETED_DEVICE_FAMILY = "1,2";
				TEST_TARGET_NAME = ChefComponents;
			};
			name = Debug;
		};
		49FD8E3B249FAF2D00A7B874 /* Release */ = {
			isa = XCBuildConfiguration;
			baseConfigurationReference = 61E1D2DF518F5023D54618C3 /* Pods-ChefComponents-ChefComponentsUITests.release.xcconfig */;
			buildSettings = {
				ALWAYS_EMBED_SWIFT_STANDARD_LIBRARIES = YES;
				CODE_SIGN_STYLE = Automatic;
				DEVELOPMENT_TEAM = 2W4XUH8LUQ;
				INFOPLIST_FILE = ChefComponentsUITests/Info.plist;
				LD_RUNPATH_SEARCH_PATHS = (
					"$(inherited)",
					"@executable_path/Frameworks",
					"@loader_path/Frameworks",
				);
				PRODUCT_BUNDLE_IDENTIFIER = com.gannasong.ChefComponentsUITests;
				PRODUCT_NAME = "$(TARGET_NAME)";
				SWIFT_VERSION = 5.0;
				TARGETED_DEVICE_FAMILY = "1,2";
				TEST_TARGET_NAME = ChefComponents;
			};
			name = Release;
		};
/* End XCBuildConfiguration section */

/* Begin XCConfigurationList section */
		49FD8E04249FAF2800A7B874 /* Build configuration list for PBXProject "ChefComponents" */ = {
			isa = XCConfigurationList;
			buildConfigurations = (
				49FD8E31249FAF2D00A7B874 /* Debug */,
				49FD8E32249FAF2D00A7B874 /* Release */,
			);
			defaultConfigurationIsVisible = 0;
			defaultConfigurationName = Release;
		};
		49FD8E33249FAF2D00A7B874 /* Build configuration list for PBXNativeTarget "ChefComponents" */ = {
			isa = XCConfigurationList;
			buildConfigurations = (
				49FD8E34249FAF2D00A7B874 /* Debug */,
				49FD8E35249FAF2D00A7B874 /* Release */,
			);
			defaultConfigurationIsVisible = 0;
			defaultConfigurationName = Release;
		};
		49FD8E36249FAF2D00A7B874 /* Build configuration list for PBXNativeTarget "ChefComponentsTests" */ = {
			isa = XCConfigurationList;
			buildConfigurations = (
				49FD8E37249FAF2D00A7B874 /* Debug */,
				49FD8E38249FAF2D00A7B874 /* Release */,
			);
			defaultConfigurationIsVisible = 0;
			defaultConfigurationName = Release;
		};
		49FD8E39249FAF2D00A7B874 /* Build configuration list for PBXNativeTarget "ChefComponentsUITests" */ = {
			isa = XCConfigurationList;
			buildConfigurations = (
				49FD8E3A249FAF2D00A7B874 /* Debug */,
				49FD8E3B249FAF2D00A7B874 /* Release */,
			);
			defaultConfigurationIsVisible = 0;
			defaultConfigurationName = Release;
		};
/* End XCConfigurationList section */
	};
	rootObject = 49FD8E01249FAF2800A7B874 /* Project object */;
}
